// !$*UTF8*$!
{
	archiveVersion = 1;
	classes = {
	};
	objectVersion = 46;
	objects = {

/* Begin PBXBuildFile section */
		583E8B191A8845B2001C2C80 /* main.m in Sources */ = {isa = PBXBuildFile; fileRef = 583E8B181A8845B2001C2C80 /* main.m */; };
		583E8B1C1A8845B2001C2C80 /* AppDelegate.m in Sources */ = {isa = PBXBuildFile; fileRef = 583E8B1B1A8845B2001C2C80 /* AppDelegate.m */; };
		583E8B1F1A8845B2001C2C80 /* ViewController.m in Sources */ = {isa = PBXBuildFile; fileRef = 583E8B1E1A8845B2001C2C80 /* ViewController.m */; };
		583E8B221A8845B2001C2C80 /* Main.storyboard in Resources */ = {isa = PBXBuildFile; fileRef = 583E8B201A8845B2001C2C80 /* Main.storyboard */; };
		583E8B241A8845B2001C2C80 /* Images.xcassets in Resources */ = {isa = PBXBuildFile; fileRef = 583E8B231A8845B2001C2C80 /* Images.xcassets */; };
		583E8B271A8845B2001C2C80 /* LaunchScreen.xib in Resources */ = {isa = PBXBuildFile; fileRef = 583E8B251A8845B2001C2C80 /* LaunchScreen.xib */; };
		583E8B331A8845B3001C2C80 /* Rotten_Tomatoes_3Tests.m in Sources */ = {isa = PBXBuildFile; fileRef = 583E8B321A8845B3001C2C80 /* Rotten_Tomatoes_3Tests.m */; };
/* End PBXBuildFile section */

/* Begin PBXContainerItemProxy section */
		583E8B2D1A8845B3001C2C80 /* PBXContainerItemProxy */ = {
			isa = PBXContainerItemProxy;
			containerPortal = 583E8B0B1A8845B2001C2C80 /* Project object */;
			proxyType = 1;
			remoteGlobalIDString = 583E8B121A8845B2001C2C80;
			remoteInfo = "Rotten Tomatoes 3";
		};
/* End PBXContainerItemProxy section */

/* Begin PBXFileReference section */
		583E8B131A8845B2001C2C80 /* Rotten Tomatoes 3.app */ = {isa = PBXFileReference; explicitFileType = wrapper.application; includeInIndex = 0; path = "Rotten Tomatoes 3.app"; sourceTree = BUILT_PRODUCTS_DIR; };
		583E8B171A8845B2001C2C80 /* Info.plist */ = {isa = PBXFileReference; lastKnownFileType = text.plist.xml; path = Info.plist; sourceTree = "<group>"; };
		583E8B181A8845B2001C2C80 /* main.m */ = {isa = PBXFileReference; lastKnownFileType = sourcecode.c.objc; path = main.m; sourceTree = "<group>"; };
		583E8B1A1A8845B2001C2C80 /* AppDelegate.h */ = {isa = PBXFileReference; lastKnownFileType = sourcecode.c.h; path = AppDelegate.h; sourceTree = "<group>"; };
		583E8B1B1A8845B2001C2C80 /* AppDelegate.m */ = {isa = PBXFileReference; lastKnownFileType = sourcecode.c.objc; path = AppDelegate.m; sourceTree = "<group>"; };
		583E8B1D1A8845B2001C2C80 /* ViewController.h */ = {isa = PBXFileReference; lastKnownFileType = sourcecode.c.h; path = ViewController.h; sourceTree = "<group>"; };
		583E8B1E1A8845B2001C2C80 /* ViewController.m */ = {isa = PBXFileReference; lastKnownFileType = sourcecode.c.objc; path = ViewController.m; sourceTree = "<group>"; };
		583E8B211A8845B2001C2C80 /* Base */ = {isa = PBXFileReference; lastKnownFileType = file.storyboard; name = Base; path = Base.lproj/Main.storyboard; sourceTree = "<group>"; };
		583E8B231A8845B2001C2C80 /* Images.xcassets */ = {isa = PBXFileReference; lastKnownFileType = folder.assetcatalog; path = Images.xcassets; sourceTree = "<group>"; };
		583E8B261A8845B2001C2C80 /* Base */ = {isa = PBXFileReference; lastKnownFileType = file.xib; name = Base; path = Base.lproj/LaunchScreen.xib; sourceTree = "<group>"; };
		583E8B2C1A8845B3001C2C80 /* Rotten Tomatoes 3Tests.xctest */ = {isa = PBXFileReference; explicitFileType = wrapper.cfbundle; includeInIndex = 0; path = "Rotten Tomatoes 3Tests.xctest"; sourceTree = BUILT_PRODUCTS_DIR; };
		583E8B311A8845B3001C2C80 /* Info.plist */ = {isa = PBXFileReference; lastKnownFileType = text.plist.xml; path = Info.plist; sourceTree = "<group>"; };
		583E8B321A8845B3001C2C80 /* Rotten_Tomatoes_3Tests.m */ = {isa = PBXFileReference; lastKnownFileType = sourcecode.c.objc; path = Rotten_Tomatoes_3Tests.m; sourceTree = "<group>"; };
/* End PBXFileReference section */

/* Begin PBXFrameworksBuildPhase section */
		583E8B101A8845B2001C2C80 /* Frameworks */ = {
			isa = PBXFrameworksBuildPhase;
			buildActionMask = 2147483647;
			files = (
			);
			runOnlyForDeploymentPostprocessing = 0;
		};
		583E8B291A8845B3001C2C80 /* Frameworks */ = {
			isa = PBXFrameworksBuildPhase;
			buildActionMask = 2147483647;
			files = (
			);
			runOnlyForDeploymentPostprocessing = 0;
		};
/* End PBXFrameworksBuildPhase section */

/* Begin PBXGroup section */
		583E8B0A1A8845B2001C2C80 = {
			isa = PBXGroup;
			children = (
				583E8B151A8845B2001C2C80 /* Rotten Tomatoes 3 */,
				583E8B2F1A8845B3001C2C80 /* Rotten Tomatoes 3Tests */,
				583E8B141A8845B2001C2C80 /* Products */,
			);
			sourceTree = "<group>";
		};
		583E8B141A8845B2001C2C80 /* Products */ = {
			isa = PBXGroup;
			children = (
				583E8B131A8845B2001C2C80 /* Rotten Tomatoes 3.app */,
				583E8B2C1A8845B3001C2C80 /* Rotten Tomatoes 3Tests.xctest */,
			);
			name = Products;
			sourceTree = "<group>";
		};
		583E8B151A8845B2001C2C80 /* Rotten Tomatoes 3 */ = {
			isa = PBXGroup;
			children = (
				583E8B1A1A8845B2001C2C80 /* AppDelegate.h */,
				583E8B1B1A8845B2001C2C80 /* AppDelegate.m */,
				583E8B1D1A8845B2001C2C80 /* ViewController.h */,
				583E8B1E1A8845B2001C2C80 /* ViewController.m */,
				583E8B201A8845B2001C2C80 /* Main.storyboard */,
				583E8B231A8845B2001C2C80 /* Images.xcassets */,
				583E8B251A8845B2001C2C80 /* LaunchScreen.xib */,
				583E8B161A8845B2001C2C80 /* Supporting Files */,
			);
			path = "Rotten Tomatoes 3";
			sourceTree = "<group>";
		};
		583E8B161A8845B2001C2C80 /* Supporting Files */ = {
			isa = PBXGroup;
			children = (
				583E8B171A8845B2001C2C80 /* Info.plist */,
				583E8B181A8845B2001C2C80 /* main.m */,
			);
			name = "Supporting Files";
			sourceTree = "<group>";
		};
		583E8B2F1A8845B3001C2C80 /* Rotten Tomatoes 3Tests */ = {
			isa = PBXGroup;
			children = (
				583E8B321A8845B3001C2C80 /* Rotten_Tomatoes_3Tests.m */,
				583E8B301A8845B3001C2C80 /* Supporting Files */,
			);
			path = "Rotten Tomatoes 3Tests";
			sourceTree = "<group>";
		};
		583E8B301A8845B3001C2C80 /* Supporting Files */ = {
			isa = PBXGroup;
			children = (
				583E8B311A8845B3001C2C80 /* Info.plist */,
			);
			name = "Supporting Files";
			sourceTree = "<group>";
		};
/* End PBXGroup section */

/* Begin PBXNativeTarget section */
		583E8B121A8845B2001C2C80 /* Rotten Tomatoes 3 */ = {
			isa = PBXNativeTarget;
			buildConfigurationList = 583E8B361A8845B3001C2C80 /* Build configuration list for PBXNativeTarget "Rotten Tomatoes 3" */;
			buildPhases = (
				583E8B0F1A8845B2001C2C80 /* Sources */,
				583E8B101A8845B2001C2C80 /* Frameworks */,
				583E8B111A8845B2001C2C80 /* Resources */,
			);
			buildRules = (
			);
			dependencies = (
			);
			name = "Rotten Tomatoes 3";
			productName = "Rotten Tomatoes 3";
			productReference = 583E8B131A8845B2001C2C80 /* Rotten Tomatoes 3.app */;
			productType = "com.apple.product-type.application";
		};
		583E8B2B1A8845B3001C2C80 /* Rotten Tomatoes 3Tests */ = {
			isa = PBXNativeTarget;
			buildConfigurationList = 583E8B391A8845B3001C2C80 /* Build configuration list for PBXNativeTarget "Rotten Tomatoes 3Tests" */;
			buildPhases = (
				583E8B281A8845B3001C2C80 /* Sources */,
				583E8B291A8845B3001C2C80 /* Frameworks */,
				583E8B2A1A8845B3001C2C80 /* Resources */,
			);
			buildRules = (
			);
			dependencies = (
				583E8B2E1A8845B3001C2C80 /* PBXTargetDependency */,
			);
			name = "Rotten Tomatoes 3Tests";
			productName = "Rotten Tomatoes 3Tests";
			productReference = 583E8B2C1A8845B3001C2C80 /* Rotten Tomatoes 3Tests.xctest */;
			productType = "com.apple.product-type.bundle.unit-test";
		};
/* End PBXNativeTarget section */

/* Begin PBXProject section */
		583E8B0B1A8845B2001C2C80 /* Project object */ = {
			isa = PBXProject;
			attributes = {
				LastUpgradeCheck = 0610;
				ORGANIZATIONNAME = "Yogi Sharma";
				TargetAttributes = {
					583E8B121A8845B2001C2C80 = {
						CreatedOnToolsVersion = 6.1.1;
					};
					583E8B2B1A8845B3001C2C80 = {
						CreatedOnToolsVersion = 6.1.1;
						TestTargetID = 583E8B121A8845B2001C2C80;
					};
				};
			};
			buildConfigurationList = 583E8B0E1A8845B2001C2C80 /* Build configuration list for PBXProject "Rotten Tomatoes 3" */;
			compatibilityVersion = "Xcode 3.2";
			developmentRegion = English;
			hasScannedForEncodings = 0;
			knownRegions = (
				en,
				Base,
			);
			mainGroup = 583E8B0A1A8845B2001C2C80;
			productRefGroup = 583E8B141A8845B2001C2C80 /* Products */;
			projectDirPath = "";
			projectRoot = "";
			targets = (
				583E8B121A8845B2001C2C80 /* Rotten Tomatoes 3 */,
				583E8B2B1A8845B3001C2C80 /* Rotten Tomatoes 3Tests */,
			);
		};
/* End PBXProject section */

/* Begin PBXResourcesBuildPhase section */
		583E8B111A8845B2001C2C80 /* Resources */ = {
			isa = PBXResourcesBuildPhase;
			buildActionMask = 2147483647;
			files = (
				583E8B221A8845B2001C2C80 /* Main.storyboard in Resources */,
				583E8B271A8845B2001C2C80 /* LaunchScreen.xib in Resources */,
				583E8B241A8845B2001C2C80 /* Images.xcassets in Resources */,
			);
			runOnlyForDeploymentPostprocessing = 0;
		};
		583E8B2A1A8845B3001C2C80 /* Resources */ = {
			isa = PBXResourcesBuildPhase;
			buildActionMask = 2147483647;
			files = (
			);
			runOnlyForDeploymentPostprocessing = 0;
		};
/* End PBXResourcesBuildPhase section */

/* Begin PBXSourcesBuildPhase section */
		583E8B0F1A8845B2001C2C80 /* Sources */ = {
			isa = PBXSourcesBuildPhase;
			buildActionMask = 2147483647;
			files = (
				583E8B1F1A8845B2001C2C80 /* ViewController.m in Sources */,
				583E8B1C1A8845B2001C2C80 /* AppDelegate.m in Sources */,
				583E8B191A8845B2001C2C80 /* main.m in Sources */,
			);
			runOnlyForDeploymentPostprocessing = 0;
		};
		583E8B281A8845B3001C2C80 /* Sources */ = {
			isa = PBXSourcesBuildPhase;
			buildActionMask = 2147483647;
			files = (
				583E8B331A8845B3001C2C80 /* Rotten_Tomatoes_3Tests.m in Sources */,
			);
			runOnlyForDeploymentPostprocessing = 0;
		};
/* End PBXSourcesBuildPhase section */

/* Begin PBXTargetDependency section */
		583E8B2E1A8845B3001C2C80 /* PBXTargetDependency */ = {
			isa = PBXTargetDependency;
			target = 583E8B121A8845B2001C2C80 /* Rotten Tomatoes 3 */;
			targetProxy = 583E8B2D1A8845B3001C2C80 /* PBXContainerItemProxy */;
		};
/* End PBXTargetDependency section */

/* Begin PBXVariantGroup section */
		583E8B201A8845B2001C2C80 /* Main.storyboard */ = {
			isa = PBXVariantGroup;
			children = (
				583E8B211A8845B2001C2C80 /* Base */,
			);
			name = Main.storyboard;
			sourceTree = "<group>";
		};
		583E8B251A8845B2001C2C80 /* LaunchScreen.xib */ = {
			isa = PBXVariantGroup;
			children = (
				583E8B261A8845B2001C2C80 /* Base */,
			);
			name = LaunchScreen.xib;
			sourceTree = "<group>";
		};
/* End PBXVariantGroup section */

/* Begin XCBuildConfiguration section */
		583E8B341A8845B3001C2C80 /* Debug */ = {
			isa = XCBuildConfiguration;
			buildSettings = {
				ALWAYS_SEARCH_USER_PATHS = NO;
				CLANG_CXX_LANGUAGE_STANDARD = "gnu++0x";
				CLANG_CXX_LIBRARY = "libc++";
				CLANG_ENABLE_MODULES = YES;
				CLANG_ENABLE_OBJC_ARC = YES;
				CLANG_WARN_BOOL_CONVERSION = YES;
				CLANG_WARN_CONSTANT_CONVERSION = YES;
				CLANG_WARN_DIRECT_OBJC_ISA_USAGE = YES_ERROR;
				CLANG_WARN_EMPTY_BODY = YES;
				CLANG_WARN_ENUM_CONVERSION = YES;
				CLANG_WARN_INT_CONVERSION = YES;
				CLANG_WARN_OBJC_ROOT_CLASS = YES_ERROR;
				CLANG_WARN_UNREACHABLE_CODE = YES;
				CLANG_WARN__DUPLICATE_METHOD_MATCH = YES;
				"CODE_SIGN_IDENTITY[sdk=iphoneos*]" = "iPhone Developer";
				COPY_PHASE_STRIP = NO;
				ENABLE_STRICT_OBJC_MSGSEND = YES;
				GCC_C_LANGUAGE_STANDARD = gnu99;
				GCC_DYNAMIC_NO_PIC = NO;
				GCC_OPTIMIZATION_LEVEL = 0;
				GCC_PREPROCESSOR_DEFINITIONS = (
					"DEBUG=1",
					"$(inherited)",
				);
				GCC_SYMBOLS_PRIVATE_EXTERN = NO;
				GCC_WARN_64_TO_32_BIT_CONVERSION = YES;
				GCC_WARN_ABOUT_RETURN_TYPE = YES_ERROR;
				GCC_WARN_UNDECLARED_SELECTOR = YES;
				GCC_WARN_UNINITIALIZED_AUTOS = YES_AGGRESSIVE;
				GCC_WARN_UNUSED_FUNCTION = YES;
				GCC_WARN_UNUSED_VARIABLE = YES;
				IPHONEOS_DEPLOYMENT_TARGET = 8.1;
				MTL_ENABLE_DEBUG_INFO = YES;
				ONLY_ACTIVE_ARCH = YES;
				SDKROOT = iphoneos;
			};
			name = Debug;
		};
		583E8B351A8845B3001C2C80 /* Release */ = {
			isa = XCBuildConfiguration;
			buildSettings = {
				ALWAYS_SEARCH_USER_PATHS = NO;
				CLANG_CXX_LANGUAGE_STANDARD = "gnu++0x";
				CLANG_CXX_LIBRARY = "libc++";
				CLANG_ENABLE_MODULES = YES;
				CLANG_ENABLE_OBJC_ARC = YES;
				CLANG_WARN_BOOL_CONVERSION = YES;
				CLANG_WARN_CONSTANT_CONVERSION = YES;
				CLANG_WARN_DIRECT_OBJC_ISA_USAGE = YES_ERROR;
				CLANG_WARN_EMPTY_BODY = YES;
				CLANG_WARN_ENUM_CONVERSION = YES;
				CLANG_WARN_INT_CONVERSION = YES;
				CLANG_WARN_OBJC_ROOT_CLASS = YES_ERROR;
				CLANG_WARN_UNREACHABLE_CODE = YES;
				CLANG_WARN__DUPLICATE_METHOD_MATCH = YES;
				"CODE_SIGN_IDENTITY[sdk=iphoneos*]" = "iPhone Developer";
				COPY_PHASE_STRIP = YES;
				ENABLE_NS_ASSERTIONS = NO;
				ENABLE_STRICT_OBJC_MSGSEND = YES;
				GCC_C_LANGUAGE_STANDARD = gnu99;
				GCC_WARN_64_TO_32_BIT_CONVERSION = YES;
				GCC_WARN_ABOUT_RETURN_TYPE = YES_ERROR;
				GCC_WARN_UNDECLARED_SELECTOR = YES;
				GCC_WARN_UNINITIALIZED_AUTOS = YES_AGGRESSIVE;
				GCC_WARN_UNUSED_FUNCTION = YES;
				GCC_WARN_UNUSED_VARIABLE = YES;
				IPHONEOS_DEPLOYMENT_TARGET = 8.1;
				MTL_ENABLE_DEBUG_INFO = NO;
				SDKROOT = iphoneos;
				VALIDATE_PRODUCT = YES;
			};
			name = Release;
		};
		583E8B371A8845B3001C2C80 /* Debug */ = {
			isa = XCBuildConfiguration;
			buildSettings = {
				ASSETCATALOG_COMPILER_APPICON_NAME = AppIcon;
				INFOPLIST_FILE = "Rotten Tomatoes 3/Info.plist";
				LD_RUNPATH_SEARCH_PATHS = "$(inherited) @executable_path/Frameworks";
				PRODUCT_NAME = "$(TARGET_NAME)";
			};
			name = Debug;
		};
		583E8B381A8845B3001C2C80 /* Release */ = {
			isa = XCBuildConfiguration;
			buildSettings = {
				ASSETCATALOG_COMPILER_APPICON_NAME = AppIcon;
				INFOPLIST_FILE = "Rotten Tomatoes 3/Info.plist";
				LD_RUNPATH_SEARCH_PATHS = "$(inherited) @executable_path/Frameworks";
				PRODUCT_NAME = "$(TARGET_NAME)";
			};
			name = Release;
		};
		583E8B3A1A8845B3001C2C80 /* Debug */ = {
			isa = XCBuildConfiguration;
			buildSettings = {
				BUNDLE_LOADER = "$(TEST_HOST)";
				FRAMEWORK_SEARCH_PATHS = (
					"$(SDKROOT)/Developer/Library/Frameworks",
					"$(inherited)",
				);
				GCC_PREPROCESSOR_DEFINITIONS = (
					"DEBUG=1",
					"$(inherited)",
				);
				INFOPLIST_FILE = "Rotten Tomatoes 3Tests/Info.plist";
				LD_RUNPATH_SEARCH_PATHS = "$(inherited) @executable_path/Frameworks @loader_path/Frameworks";
				PRODUCT_NAME = "$(TARGET_NAME)";
				TEST_HOST = "$(BUILT_PRODUCTS_DIR)/Rotten Tomatoes 3.app/Rotten Tomatoes 3";
			};
			name = Debug;
		};
		583E8B3B1A8845B3001C2C80 /* Release */ = {
			isa = XCBuildConfiguration;
			buildSettings = {
				BUNDLE_LOADER = "$(TEST_HOST)";
				FRAMEWORK_SEARCH_PATHS = (
					"$(SDKROOT)/Developer/Library/Frameworks",
					"$(inherited)",
				);
				INFOPLIST_FILE = "Rotten Tomatoes 3Tests/Info.plist";
				LD_RUNPATH_SEARCH_PATHS = "$(inherited) @executable_path/Frameworks @loader_path/Frameworks";
				PRODUCT_NAME = "$(TARGET_NAME)";
				TEST_HOST = "$(BUILT_PRODUCTS_DIR)/Rotten Tomatoes 3.app/Rotten Tomatoes 3";
			};
			name = Release;
		};
/* End XCBuildConfiguration section */

/* Begin XCConfigurationList section */
		583E8B0E1A8845B2001C2C80 /* Build configuration list for PBXProject "Rotten Tomatoes 3" */ = {
			isa = XCConfigurationList;
			buildConfigurations = (
				583E8B341A8845B3001C2C80 /* Debug */,
				583E8B351A8845B3001C2C80 /* Release */,
			);
			defaultConfigurationIsVisible = 0;
			defaultConfigurationName = Release;
		};
		583E8B361A8845B3001C2C80 /* Build configuration list for PBXNativeTarget "Rotten Tomatoes 3" */ = {
			isa = XCConfigurationList;
			buildConfigurations = (
				583E8B371A8845B3001C2C80 /* Debug */,
				583E8B381A8845B3001C2C80 /* Release */,
			);
			defaultConfigurationIsVisible = 0;
		};
		583E8B391A8845B3001C2C80 /* Build configuration list for PBXNativeTarget "Rotten Tomatoes 3Tests" */ = {
			isa = XCConfigurationList;
			buildConfigurations = (
				583E8B3A1A8845B3001C2C80 /* Debug */,
				583E8B3B1A8845B3001C2C80 /* Release */,
			);
			defaultConfigurationIsVisible = 0;
		};
/* End XCConfigurationList section */
	};
	rootObject = 583E8B0B1A8845B2001C2C80 /* Project object */;
}
